// !$*UTF8*$!
{
	archiveVersion = 1;
	classes = {
	};
	objectVersion = 46;
	objects = {

/* Begin PBXBuildFile section */
		9423A59F1DB5BC390038D37C /* ProductViewController.swift in Sources */ = {isa = PBXBuildFile; fileRef = 9423A59E1DB5BC390038D37C /* ProductViewController.swift */; };
		9423A5A11DB5C3810038D37C /* ContactViewController.swift in Sources */ = {isa = PBXBuildFile; fileRef = 9423A5A01DB5C3810038D37C /* ContactViewController.swift */; };
		946959641DA3F3200002FF28 /* AppDelegate.swift in Sources */ = {isa = PBXBuildFile; fileRef = 946959631DA3F3200002FF28 /* AppDelegate.swift */; };
		946959691DA3F3200002FF28 /* Main.storyboard in Resources */ = {isa = PBXBuildFile; fileRef = 946959671DA3F3200002FF28 /* Main.storyboard */; };
		9469596B1DA3F3200002FF28 /* Assets.xcassets in Resources */ = {isa = PBXBuildFile; fileRef = 9469596A1DA3F3200002FF28 /* Assets.xcassets */; };
		9469596E1DA3F3200002FF28 /* LaunchScreen.storyboard in Resources */ = {isa = PBXBuildFile; fileRef = 9469596C1DA3F3200002FF28 /* LaunchScreen.storyboard */; };
		94CC52B31DB5D0FB006A86F3 /* ProductsTableViewController.swift in Sources */ = {isa = PBXBuildFile; fileRef = 94CC52B21DB5D0FB006A86F3 /* ProductsTableViewController.swift */; };
		94CC52B51DB7BB1A006A86F3 /* Product.swift in Sources */ = {isa = PBXBuildFile; fileRef = 94CC52B41DB7BB1A006A86F3 /* Product.swift */; };
/* End PBXBuildFile section */

/* Begin PBXFileReference section */
		9423A59E1DB5BC390038D37C /* ProductViewController.swift */ = {isa = PBXFileReference; fileEncoding = 4; lastKnownFileType = sourcecode.swift; path = ProductViewController.swift; sourceTree = "<group>"; };
		9423A5A01DB5C3810038D37C /* ContactViewController.swift */ = {isa = PBXFileReference; fileEncoding = 4; lastKnownFileType = sourcecode.swift; path = ContactViewController.swift; sourceTree = "<group>"; };
		946959601DA3F3200002FF28 /* GoodAsOldPhones.app */ = {isa = PBXFileReference; explicitFileType = wrapper.application; includeInIndex = 0; path = GoodAsOldPhones.app; sourceTree = BUILT_PRODUCTS_DIR; };
		946959631DA3F3200002FF28 /* AppDelegate.swift */ = {isa = PBXFileReference; lastKnownFileType = sourcecode.swift; path = AppDelegate.swift; sourceTree = "<group>"; };
		946959681DA3F3200002FF28 /* Base */ = {isa = PBXFileReference; lastKnownFileType = file.storyboard; name = Base; path = Base.lproj/Main.storyboard; sourceTree = "<group>"; };
		9469596A1DA3F3200002FF28 /* Assets.xcassets */ = {isa = PBXFileReference; lastKnownFileType = folder.assetcatalog; path = Assets.xcassets; sourceTree = "<group>"; };
		9469596D1DA3F3200002FF28 /* Base */ = {isa = PBXFileReference; lastKnownFileType = file.storyboard; name = Base; path = Base.lproj/LaunchScreen.storyboard; sourceTree = "<group>"; };
		9469596F1DA3F3200002FF28 /* Info.plist */ = {isa = PBXFileReference; lastKnownFileType = text.plist.xml; path = Info.plist; sourceTree = "<group>"; };
		94CC52B21DB5D0FB006A86F3 /* ProductsTableViewController.swift */ = {isa = PBXFileReference; fileEncoding = 4; lastKnownFileType = sourcecode.swift; path = ProductsTableViewController.swift; sourceTree = "<group>"; };
		94CC52B41DB7BB1A006A86F3 /* Product.swift */ = {isa = PBXFileReference; fileEncoding = 4; lastKnownFileType = sourcecode.swift; path = Product.swift; sourceTree = "<group>"; };
/* End PBXFileReference section */

/* Begin PBXFrameworksBuildPhase section */
		9469595D1DA3F3200002FF28 /* Frameworks */ = {
			isa = PBXFrameworksBuildPhase;
			buildActionMask = 2147483647;
			files = (
			);
			runOnlyForDeploymentPostprocessing = 0;
		};
/* End PBXFrameworksBuildPhase section */

/* Begin PBXGroup section */
		946959571DA3F3200002FF28 = {
			isa = PBXGroup;
			children = (
				946959621DA3F3200002FF28 /* GoodAsOldPhones */,
				946959611DA3F3200002FF28 /* Products */,
			);
			sourceTree = "<group>";
		};
		946959611DA3F3200002FF28 /* Products */ = {
			isa = PBXGroup;
			children = (
				946959601DA3F3200002FF28 /* GoodAsOldPhones.app */,
			);
			name = Products;
			sourceTree = "<group>";
		};
		946959621DA3F3200002FF28 /* GoodAsOldPhones */ = {
			isa = PBXGroup;
			children = (
				946959631DA3F3200002FF28 /* AppDelegate.swift */,
				946959671DA3F3200002FF28 /* Main.storyboard */,
				9469596A1DA3F3200002FF28 /* Assets.xcassets */,
				9469596C1DA3F3200002FF28 /* LaunchScreen.storyboard */,
				9469596F1DA3F3200002FF28 /* Info.plist */,
				9423A59E1DB5BC390038D37C /* ProductViewController.swift */,
				9423A5A01DB5C3810038D37C /* ContactViewController.swift */,
				94CC52B21DB5D0FB006A86F3 /* ProductsTableViewController.swift */,
				94CC52B41DB7BB1A006A86F3 /* Product.swift */,
			);
			path = GoodAsOldPhones;
			sourceTree = "<group>";
		};
/* End PBXGroup section */

/* Begin PBXNativeTarget section */
		9469595F1DA3F3200002FF28 /* GoodAsOldPhones */ = {
			isa = PBXNativeTarget;
			buildConfigurationList = 946959721DA3F3200002FF28 /* Build configuration list for PBXNativeTarget "GoodAsOldPhones" */;
			buildPhases = (
				9469595C1DA3F3200002FF28 /* Sources */,
				9469595D1DA3F3200002FF28 /* Frameworks */,
				9469595E1DA3F3200002FF28 /* Resources */,
			);
			buildRules = (
			);
			dependencies = (
			);
			name = GoodAsOldPhones;
			productName = GoodAsOldPhones;
			productReference = 946959601DA3F3200002FF28 /* GoodAsOldPhones.app */;
			productType = "com.apple.product-type.application";
		};
/* End PBXNativeTarget section */

/* Begin PBXProject section */
		946959581DA3F3200002FF28 /* Project object */ = {
			isa = PBXProject;
			attributes = {
				LastSwiftUpdateCheck = 0800;
				LastUpgradeCheck = 0800;
				ORGANIZATIONNAME = "doir0008@algonquinlive.com";
				TargetAttributes = {
					9469595F1DA3F3200002FF28 = {
						CreatedOnToolsVersion = 8.0;
						ProvisioningStyle = Automatic;
					};
				};
			};
			buildConfigurationList = 9469595B1DA3F3200002FF28 /* Build configuration list for PBXProject "GoodAsOldPhones" */;
			compatibilityVersion = "Xcode 3.2";
			developmentRegion = English;
			hasScannedForEncodings = 0;
			knownRegions = (
				en,
				Base,
			);
			mainGroup = 946959571DA3F3200002FF28;
			productRefGroup = 946959611DA3F3200002FF28 /* Products */;
			projectDirPath = "";
			projectRoot = "";
			targets = (
				9469595F1DA3F3200002FF28 /* GoodAsOldPhones */,
			);
		};
/* End PBXProject section */

/* Begin PBXResourcesBuildPhase section */
		9469595E1DA3F3200002FF28 /* Resources */ = {
			isa = PBXResourcesBuildPhase;
			buildActionMask = 2147483647;
			files = (
				9469596E1DA3F3200002FF28 /* LaunchScreen.storyboard in Resources */,
				9469596B1DA3F3200002FF28 /* Assets.xcassets in Resources */,
				946959691DA3F3200002FF28 /* Main.storyboard in Resources */,
			);
			runOnlyForDeploymentPostprocessing = 0;
		};
/* End PBXResourcesBuildPhase section */

/* Begin PBXSourcesBuildPhase section */
		9469595C1DA3F3200002FF28 /* Sources */ = {
			isa = PBXSourcesBuildPhase;
			buildActionMask = 2147483647;
			files = (
				9423A59F1DB5BC390038D37C /* ProductViewController.swift in Sources */,
				94CC52B31DB5D0FB006A86F3 /* ProductsTableViewController.swift in Sources */,
				94CC52B51DB7BB1A006A86F3 /* Product.swift in Sources */,
				946959641DA3F3200002FF28 /* AppDelegate.swift in Sources */,
				9423A5A11DB5C3810038D37C /* ContactViewController.swift in Sources */,
			);
			runOnlyForDeploymentPostprocessing = 0;
		};
/* End PBXSourcesBuildPhase section */

/* Begin PBXVariantGroup section */
		946959671DA3F3200002FF28 /* Main.storyboard */ = {
			isa = PBXVariantGroup;
			children = (
				946959681DA3F3200002FF28 /* Base */,
			);
			name = Main.storyboard;
			sourceTree = "<group>";
		};
		9469596C1DA3F3200002FF28 /* LaunchScreen.storyboard */ = {
			isa = PBXVariantGroup;
			children = (
				9469596D1DA3F3200002FF28 /* Base */,
			);
			name = LaunchScreen.storyboard;
			sourceTree = "<group>";
		};
/* End PBXVariantGroup section */

/* Begin XCBuildConfiguration section */
		946959701DA3F3200002FF28 /* Debug */ = {
			isa = XCBuildConfiguration;
			buildSettings = {
				ALWAYS_SEARCH_USER_PATHS = NO;
				CLANG_ANALYZER_NONNULL = YES;
				CLANG_CXX_LANGUAGE_STANDARD = "gnu++0x";
				CLANG_CXX_LIBRARY = "libc++";
				CLANG_ENABLE_MODULES = YES;
				CLANG_ENABLE_OBJC_ARC = YES;
				CLANG_WARN_BOOL_CONVERSION = YES;
				CLANG_WARN_CONSTANT_CONVERSION = YES;
				CLANG_WARN_DIRECT_OBJC_ISA_USAGE = YES_ERROR;
				CLANG_WARN_DOCUMENTATION_COMMENTS = YES;
				CLANG_WARN_EMPTY_BODY = YES;
				CLANG_WARN_ENUM_CONVERSION = YES;
				CLANG_WARN_INFINITE_RECURSION = YES;
				CLANG_WARN_INT_CONVERSION = YES;
				CLANG_WARN_OBJC_ROOT_CLASS = YES_ERROR;
				CLANG_WARN_SUSPICIOUS_MOVES = YES;
				CLANG_WARN_UNREACHABLE_CODE = YES;
				CLANG_WARN__DUPLICATE_METHOD_MATCH = YES;
				"CODE_SIGN_IDENTITY[sdk=iphoneos*]" = "iPhone Developer";
				COPY_PHASE_STRIP = NO;
				DEBUG_INFORMATION_FORMAT = dwarf;
				ENABLE_STRICT_OBJC_MSGSEND = YES;
				ENABLE_TESTABILITY = YES;
				GCC_C_LANGUAGE_STANDARD = gnu99;
				GCC_DYNAMIC_NO_PIC = NO;
				GCC_NO_COMMON_BLOCKS = YES;
				GCC_OPTIMIZATION_LEVEL = 0;
				GCC_PREPROCESSOR_DEFINITIONS = (
					"DEBUG=1",
					"$(inherited)",
				);
				GCC_WARN_64_TO_32_BIT_CONVERSION = YES;
				GCC_WARN_ABOUT_RETURN_TYPE = YES_ERROR;
				GCC_WARN_UNDECLARED_SELECTOR = YES;
				GCC_WARN_UNINITIALIZED_AUTOS = YES_AGGRESSIVE;
				GCC_WARN_UNUSED_FUNCTION = YES;
				GCC_WARN_UNUSED_VARIABLE = YES;
				IPHONEOS_DEPLOYMENT_TARGET = 10.0;
				MTL_ENABLE_DEBUG_INFO = YES;
				ONLY_ACTIVE_ARCH = YES;
				SDKROOT = iphoneos;
				SWIFT_ACTIVE_COMPILATION_CONDITIONS = DEBUG;
				SWIFT_OPTIMIZATION_LEVEL = "-Onone";
			};
			name = Debug;
		};
		946959711DA3F3200002FF28 /* Release */ = {
			isa = XCBuildConfiguration;
			buildSettings = {
				ALWAYS_SEARCH_USER_PATHS = NO;
				CLANG_ANALYZER_NONNULL = YES;
				CLANG_CXX_LANGUAGE_STANDARD = "gnu++0x";
				CLANG_CXX_LIBRARY = "libc++";
				CLANG_ENABLE_MODULES = YES;
				CLANG_ENABLE_OBJC_ARC = YES;
				CLANG_WARN_BOOL_CONVERSION = YES;
				CLANG_WARN_CONSTANT_CONVERSION = YES;
				CLANG_WARN_DIRECT_OBJC_ISA_USAGE = YES_ERROR;
				CLANG_WARN_DOCUMENTATION_COMMENTS = YES;
				CLANG_WARN_EMPTY_BODY = YES;
				CLANG_WARN_ENUM_CONVERSION = YES;
				CLANG_WARN_INFINITE_RECURSION = YES;
				CLANG_WARN_INT_CONVERSION = YES;
				CLANG_WARN_OBJC_ROOT_CLASS = YES_ERROR;
				CLANG_WARN_SUSPICIOUS_MOVES = YES;
				CLANG_WARN_UNREACHABLE_CODE = YES;
				CLANG_WARN__DUPLICATE_METHOD_MATCH = YES;
				"CODE_SIGN_IDENTITY[sdk=iphoneos*]" = "iPhone Developer";
				COPY_PHASE_STRIP = NO;
				DEBUG_INFORMATION_FORMAT = "dwarf-with-dsym";
				ENABLE_NS_ASSERTIONS = NO;
				ENABLE_STRICT_OBJC_MSGSEND = YES;
				GCC_C_LANGUAGE_STANDARD = gnu99;
				GCC_NO_COMMON_BLOCKS = YES;
				GCC_WARN_64_TO_32_BIT_CONVERSION = YES;
				GCC_WARN_ABOUT_RETURN_TYPE = YES_ERROR;
				GCC_WARN_UNDECLARED_SELECTOR = YES;
				GCC_WARN_UNINITIALIZED_AUTOS = YES_AGGRESSIVE;
				GCC_WARN_UNUSED_FUNCTION = YES;
				GCC_WARN_UNUSED_VARIABLE = YES;
				IPHONEOS_DEPLOYMENT_TARGET = 10.0;
				MTL_ENABLE_DEBUG_INFO = NO;
				SDKROOT = iphoneos;
				SWIFT_OPTIMIZATION_LEVEL = "-Owholemodule";
				VALIDATE_PRODUCT = YES;
			};
			name = Release;
		};
		946959731DA3F3200002FF28 /* Debug */ = {
			isa = XCBuildConfiguration;
			buildSettings = {
				ASSETCATALOG_COMPILER_APPICON_NAME = AppIcon;
				INFOPLIST_FILE = GoodAsOldPhones/Info.plist;
				LD_RUNPATH_SEARCH_PATHS = "$(inherited) @executable_path/Frameworks";
				PRODUCT_BUNDLE_IDENTIFIER = com.algonquincollege.doir0008.GoodAsOldPhones;
				PRODUCT_NAME = "$(TARGET_NAME)";
				SWIFT_VERSION = 3.0;
			};
			name = Debug;
		};
		946959741DA3F3200002FF28 /* Release */ = {
			isa = XCBuildConfiguration;
			buildSettings = {
				ASSETCATALOG_COMPILER_APPICON_NAME = AppIcon;
				INFOPLIST_FILE = GoodAsOldPhones/Info.plist;
				LD_RUNPATH_SEARCH_PATHS = "$(inherited) @executable_path/Frameworks";
				PRODUCT_BUNDLE_IDENTIFIER = com.algonquincollege.doir0008.GoodAsOldPhones;
				PRODUCT_NAME = "$(TARGET_NAME)";
				SWIFT_VERSION = 3.0;
			};
			name = Release;
		};
/* End XCBuildConfiguration section */

/* Begin XCConfigurationList section */
		9469595B1DA3F3200002FF28 /* Build configuration list for PBXProject "GoodAsOldPhones" */ = {
			isa = XCConfigurationList;
			buildConfigurations = (
				946959701DA3F3200002FF28 /* Debug */,
				946959711DA3F3200002FF28 /* Release */,
			);
			defaultConfigurationIsVisible = 0;
			defaultConfigurationName = Release;
		};
		946959721DA3F3200002FF28 /* Build configuration list for PBXNativeTarget "GoodAsOldPhones" */ = {
			isa = XCConfigurationList;
			buildConfigurations = (
				946959731DA3F3200002FF28 /* Debug */,
				946959741DA3F3200002FF28 /* Release */,
			);
			defaultConfigurationIsVisible = 0;
			defaultConfigurationName = Release;
		};
/* End XCConfigurationList section */
	};
	rootObject = 946959581DA3F3200002FF28 /* Project object */;
}
